
Microsoft Visual Studio Solution File, Format Version 12.00
# Visual Studio 15
VisualStudioVersion = 15.0.28307.1145
MinimumVisualStudioVersion = 10.0.40219.1
Project("{2150E333-8FDC-42A3-9474-1A3956D46DE8}") = "MiniProject", "MiniProject", "{8E6CCB6D-FA54-496C-B1D7-760D02D691F1}"
EndProject
Project("{FAE04EC0-301F-11D3-BF4B-00C04F79EFBC}") = "CourseProject", "CourseProject\CourseProject.csproj", "{35FC8B65-C2A3-483E-AA12-D871DA2C39B2}"
EndProject
Global
	GlobalSection(SolutionConfigurationPlatforms) = preSolution
		Debug|Any CPU = Debug|Any CPU
		Release|Any CPU = Release|Any CPU
	EndGlobalSection
	GlobalSection(ProjectConfigurationPlatforms) = postSolution
		{35FC8B65-C2A3-483E-AA12-D871DA2C39B2}.Debug|Any CPU.ActiveCfg = Debug|Any CPU
		{35FC8B65-C2A3-483E-AA12-D871DA2C39B2}.Debug|Any CPU.Build.0 = Debug|Any CPU
		{35FC8B65-C2A3-483E-AA12-D871DA2C39B2}.Release|Any CPU.ActiveCfg = Release|Any CPU
		{35FC8B65-C2A3-483E-AA12-D871DA2C39B2}.Release|Any CPU.Build.0 = Release|Any CPU
	EndGlobalSection
	GlobalSection(SolutionProperties) = preSolution
		HideSolutionNode = FALSE
	EndGlobalSection
	GlobalSection(NestedProjects) = preSolution
		{35FC8B65-C2A3-483E-AA12-D871DA2C39B2} = {8E6CCB6D-FA54-496C-B1D7-760D02D691F1}
	EndGlobalSection
	GlobalSection(ExtensibilityGlobals) = postSolution
		SolutionGuid = {FD0B0C59-BB29-4552-B6D0-61AC3744B09B}
	EndGlobalSection
EndGlobal
